
Microsoft Visual Studio Solution File, Format Version 12.00
# Visual Studio 15
VisualStudioVersion = 15.0.28307.168
MinimumVisualStudioVersion = 10.0.40219.1
Project("{8BC9CEB8-8B4A-11D0-8D11-00A0C91BC942}") = "ch05_List", "ch01_List\ch01_List.vcxproj", "{7EDD0F74-13B6-4433-B143-78887D2F6EA0}"
EndProject
Project("{8BC9CEB8-8B4A-11D0-8D11-00A0C91BC942}") = "ch06", "ch06\ch06.vcxproj", "{AAACEA97-A53E-4106-AA86-42ED768A189B}"
EndProject
Global
	GlobalSection(SolutionConfigurationPlatforms) = preSolution
		Debug|x64 = Debug|x64
		Debug|x86 = Debug|x86
		Release|x64 = Release|x64
		Release|x86 = Release|x86
	EndGlobalSection
	GlobalSection(ProjectConfigurationPlatforms) = postSolution
		{7EDD0F74-13B6-4433-B143-78887D2F6EA0}.Debug|x64.ActiveCfg = Debug|x64
		{7EDD0F74-13B6-4433-B143-78887D2F6EA0}.Debug|x64.Build.0 = Debug|x64
		{7EDD0F74-13B6-4433-B143-78887D2F6EA0}.Debug|x86.ActiveCfg = Debug|Win32
		{7EDD0F74-13B6-4433-B143-78887D2F6EA0}.Debug|x86.Build.0 = Debug|Win32
		{7EDD0F74-13B6-4433-B143-78887D2F6EA0}.Release|x64.ActiveCfg = Release|x64
		{7EDD0F74-13B6-4433-B143-78887D2F6EA0}.Release|x64.Build.0 = Release|x64
		{7EDD0F74-13B6-4433-B143-78887D2F6EA0}.Release|x86.ActiveCfg = Release|Win32
		{7EDD0F74-13B6-4433-B143-78887D2F6EA0}.Release|x86.Build.0 = Release|Win32
		{AAACEA97-A53E-4106-AA86-42ED768A189B}.Debug|x64.ActiveCfg = Debug|x64
		{AAACEA97-A53E-4106-AA86-42ED768A189B}.Debug|x64.Build.0 = Debug|x64
		{AAACEA97-A53E-4106-AA86-42ED768A189B}.Debug|x86.ActiveCfg = Debug|Win32
		{AAACEA97-A53E-4106-AA86-42ED768A189B}.Debug|x86.Build.0 = Debug|Win32
		{AAACEA97-A53E-4106-AA86-42ED768A189B}.Release|x64.ActiveCfg = Release|x64
		{AAACEA97-A53E-4106-AA86-42ED768A189B}.Release|x64.Build.0 = Release|x64
		{AAACEA97-A53E-4106-AA86-42ED768A189B}.Release|x86.ActiveCfg = Release|Win32
		{AAACEA97-A53E-4106-AA86-42ED768A189B}.Release|x86.Build.0 = Release|Win32
	EndGlobalSection
	GlobalSection(SolutionProperties) = preSolution
		HideSolutionNode = FALSE
	EndGlobalSection
	GlobalSection(ExtensibilityGlobals) = postSolution
		SolutionGuid = {5C8EAD58-170F-4FCD-89BE-81ABF12F4DCF}
	EndGlobalSection
EndGlobal
